// !$*UTF8*$!
{
	archiveVersion = 1;
	classes = {
	};
	objectVersion = 54;
	objects = {

/* Begin PBXBuildFile section */
		00E356F31AD99517003FC87E /* STAKATests.m in Sources */ = {isa = PBXBuildFile; fileRef = 00E356F21AD99517003FC87E /* STAKATests.m */; };
		0DCB59341DC340888A659772 /* ChakraPetch-BoldItalic.ttf in Resources */ = {isa = PBXBuildFile; fileRef = 28CE9B77CBEA4BEB9E841C3C /* ChakraPetch-BoldItalic.ttf */; };
		13B07FBC1A68108700A75B9A /* AppDelegate.m in Sources */ = {isa = PBXBuildFile; fileRef = 13B07FB01A68108700A75B9A /* AppDelegate.m */; };
		13B07FBF1A68108700A75B9A /* Images.xcassets in Resources */ = {isa = PBXBuildFile; fileRef = 13B07FB51A68108700A75B9A /* Images.xcassets */; };
		13B07FC11A68108700A75B9A /* main.m in Sources */ = {isa = PBXBuildFile; fileRef = 13B07FB71A68108700A75B9A /* main.m */; };
		277B544B4164490C90C07715 /* ChakraPetch-Medium.ttf in Resources */ = {isa = PBXBuildFile; fileRef = FF6DD3EC5D2F430FA18FF94D /* ChakraPetch-Medium.ttf */; };
		31CAA30E8CFB4362BD070FC0 /* ChakraPetch-Regular.ttf in Resources */ = {isa = PBXBuildFile; fileRef = 951EF604C20041A0B5501AA4 /* ChakraPetch-Regular.ttf */; };
		38FDCFD9BD1E4450897AFF00 /* ChakraPetch-Light.ttf in Resources */ = {isa = PBXBuildFile; fileRef = C6E10BA1AE2D4380973F76EE /* ChakraPetch-Light.ttf */; };
		4102A85DE53143ED98662FAB /* SFProText-SemiboldItalic.ttf in Resources */ = {isa = PBXBuildFile; fileRef = B2321621624A4483B29D97B9 /* SFProText-SemiboldItalic.ttf */; };
		4662FFDF28F6C78E00924159 /* LaunchScreen.xib in Resources */ = {isa = PBXBuildFile; fileRef = 4662FFDD28F6C78E00924159 /* LaunchScreen.xib */; };
		4CF876036D9C4B63B70C32B0 /* ChakraPetch-MediumItalic.ttf in Resources */ = {isa = PBXBuildFile; fileRef = DEF2E819F1E54CD482C961D6 /* ChakraPetch-MediumItalic.ttf */; };
		509297A0A65A0F3302FAD011 /* libPods-STAKA-STAKATests.a in Frameworks */ = {isa = PBXBuildFile; fileRef = 9989265E0B70CD43BDCF7357 /* libPods-STAKA-STAKATests.a */; };
		5A97CF4747314F39B813C2BE /* SFProText-Medium.ttf in Resources */ = {isa = PBXBuildFile; fileRef = 32524F2562E64609AEBCD2F9 /* SFProText-Medium.ttf */; };
		6AC7B9C3A7F1426C8C403565 /* ChakraPetch-Bold.ttf in Resources */ = {isa = PBXBuildFile; fileRef = 38AFDA0D0BF147539CA3AA2A /* ChakraPetch-Bold.ttf */; };
		6E5C3921240D46598D561296 /* SFProText-LightItalic.ttf in Resources */ = {isa = PBXBuildFile; fileRef = B310E65C3DF240D59FE801D2 /* SFProText-LightItalic.ttf */; };
		7702ABC16B044E9AA414AA10 /* SFProText-Heavy.ttf in Resources */ = {isa = PBXBuildFile; fileRef = 10B81E7F4E8041B19BE14712 /* SFProText-Heavy.ttf */; };
		834D1201FDCE4AFA98ADEC30 /* SFProText-Semibold.ttf in Resources */ = {isa = PBXBuildFile; fileRef = 8A2DBBD4F84F42AAA7DAF2B7 /* SFProText-Semibold.ttf */; };
		85DC243AE0934A4D897DDA0D /* SFProText-Regular.ttf in Resources */ = {isa = PBXBuildFile; fileRef = C31870B4CCA042549AD8D1B6 /* SFProText-Regular.ttf */; };
		AD14A20F4C9E405AAB31667F /* SFProText-RegularItalic.ttf in Resources */ = {isa = PBXBuildFile; fileRef = C2ACCD9538C1412EB088CE77 /* SFProText-RegularItalic.ttf */; };
		AD3890F886C54991A407FC8A /* SFProText-Bold.ttf in Resources */ = {isa = PBXBuildFile; fileRef = 5D315A37A1BB4FFE971DFDD6 /* SFProText-Bold.ttf */; };
		BB56282291EB47B39244054E /* SFProText-MediumItalic.ttf in Resources */ = {isa = PBXBuildFile; fileRef = 30BF49C4DBF54C97A1F430B2 /* SFProText-MediumItalic.ttf */; };
		CD6A6F1976DA4A54BC4947E7 /* ChakraPetch-Italic.ttf in Resources */ = {isa = PBXBuildFile; fileRef = 4C1B055C97754563B1A493BA /* ChakraPetch-Italic.ttf */; };
		D08128B17624415C15B52D4B /* libPods-STAKA.a in Frameworks */ = {isa = PBXBuildFile; fileRef = C9FD89AA77292786AA1762A7 /* libPods-STAKA.a */; };
		D3DE6469F001404DAFDAE077 /* ChakraPetch-SemiBoldItalic.ttf in Resources */ = {isa = PBXBuildFile; fileRef = B2AA00E56B5C4DDFA3D6F801 /* ChakraPetch-SemiBoldItalic.ttf */; };
		E56E2508E78E4B369B79FA99 /* ChakraPetch-LightItalic.ttf in Resources */ = {isa = PBXBuildFile; fileRef = 22FD49D7AA4F48C5ADFF275D /* ChakraPetch-LightItalic.ttf */; };
		EBE5E84000264FE7BE17B7BA /* SFProText-HeavyItalic.ttf in Resources */ = {isa = PBXBuildFile; fileRef = A639F56D942E4D33B4E72636 /* SFProText-HeavyItalic.ttf */; };
		F10152018E9A4BF0BCCF08AE /* SFProText-Light.ttf in Resources */ = {isa = PBXBuildFile; fileRef = 713662204EB346848075C50F /* SFProText-Light.ttf */; };
		F9C289A9486D488695783D43 /* ChakraPetch-SemiBold.ttf in Resources */ = {isa = PBXBuildFile; fileRef = 96472F745D5843CB81966601 /* ChakraPetch-SemiBold.ttf */; };
/* End PBXBuildFile section */

/* Begin PBXContainerItemProxy section */
		00E356F41AD99517003FC87E /* PBXContainerItemProxy */ = {
			isa = PBXContainerItemProxy;
			containerPortal = 83CBB9F71A601CBA00E9B192 /* Project object */;
			proxyType = 1;
			remoteGlobalIDString = 13B07F861A680F5B00A75B9A;
			remoteInfo = STAKA;
		};
/* End PBXContainerItemProxy section */

/* Begin PBXCopyFilesBuildPhase section */
		46B047FB2902A54F004429CC /* Embed App Extensions */ = {
			isa = PBXCopyFilesBuildPhase;
			buildActionMask = 2147483647;
			dstPath = "";
			dstSubfolderSpec = 13;
			files = (
			);
			name = "Embed App Extensions";
			runOnlyForDeploymentPostprocessing = 0;
		};
/* End PBXCopyFilesBuildPhase section */

/* Begin PBXFileReference section */
		00E356EE1AD99517003FC87E /* STAKATests.xctest */ = {isa = PBXFileReference; explicitFileType = wrapper.cfbundle; includeInIndex = 0; path = STAKATests.xctest; sourceTree = BUILT_PRODUCTS_DIR; };
		00E356F11AD99517003FC87E /* Info.plist */ = {isa = PBXFileReference; lastKnownFileType = text.plist.xml; path = Info.plist; sourceTree = "<group>"; };
		00E356F21AD99517003FC87E /* STAKATests.m */ = {isa = PBXFileReference; lastKnownFileType = sourcecode.c.objc; path = STAKATests.m; sourceTree = "<group>"; };
		051F8CEB4F614A1AA7709068 /* Entypo.ttf */ = {isa = PBXFileReference; explicitFileType = undefined; fileEncoding = 9; includeInIndex = 0; lastKnownFileType = unknown; name = Entypo.ttf; path = "../node_modules/native-base/Fonts/Entypo.ttf"; sourceTree = "<group>"; };
		0D15009B0FBB4C9F9EC7F13F /* Ionicons.ttf */ = {isa = PBXFileReference; explicitFileType = undefined; fileEncoding = 9; includeInIndex = 0; lastKnownFileType = unknown; name = Ionicons.ttf; path = "../node_modules/react-native-vector-icons/Fonts/Ionicons.ttf"; sourceTree = "<group>"; };
		102742D770FC674D8AEB1A19 /* Pods-OneSignalNotificationServiceExtension.debug.xcconfig */ = {isa = PBXFileReference; includeInIndex = 1; lastKnownFileType = text.xcconfig; name = "Pods-OneSignalNotificationServiceExtension.debug.xcconfig"; path = "Target Support Files/Pods-OneSignalNotificationServiceExtension/Pods-OneSignalNotificationServiceExtension.debug.xcconfig"; sourceTree = "<group>"; };
		10B81E7F4E8041B19BE14712 /* SFProText-Heavy.ttf */ = {isa = PBXFileReference; explicitFileType = undefined; fileEncoding = 9; includeInIndex = 0; lastKnownFileType = unknown; name = "SFProText-Heavy.ttf"; path = "../app/assets/fonts/SFProText-Heavy.ttf"; sourceTree = "<group>"; };
		12C2BE7D488B42E9AA9EF923 /* FontAwesome5_Brands.ttf */ = {isa = PBXFileReference; explicitFileType = undefined; fileEncoding = 9; includeInIndex = 0; lastKnownFileType = unknown; name = FontAwesome5_Brands.ttf; path = "../node_modules/react-native-vector-icons/Fonts/FontAwesome5_Brands.ttf"; sourceTree = "<group>"; };
		12D72E56E4106367968434FB /* libPods-OneSignalNotificationServiceExtension.a */ = {isa = PBXFileReference; explicitFileType = archive.ar; includeInIndex = 0; path = "libPods-OneSignalNotificationServiceExtension.a"; sourceTree = BUILT_PRODUCTS_DIR; };
		13B07F961A680F5B00A75B9A /* STAKA.app */ = {isa = PBXFileReference; explicitFileType = wrapper.application; includeInIndex = 0; path = STAKA.app; sourceTree = BUILT_PRODUCTS_DIR; };
		13B07FAF1A68108700A75B9A /* AppDelegate.h */ = {isa = PBXFileReference; fileEncoding = 4; lastKnownFileType = sourcecode.c.h; name = AppDelegate.h; path = STAKA/AppDelegate.h; sourceTree = "<group>"; };
		13B07FB01A68108700A75B9A /* AppDelegate.m */ = {isa = PBXFileReference; fileEncoding = 4; lastKnownFileType = sourcecode.c.objc; name = AppDelegate.m; path = STAKA/AppDelegate.m; sourceTree = "<group>"; };
		13B07FB51A68108700A75B9A /* Images.xcassets */ = {isa = PBXFileReference; lastKnownFileType = folder.assetcatalog; name = Images.xcassets; path = STAKA/Images.xcassets; sourceTree = "<group>"; };
		13B07FB61A68108700A75B9A /* Info.plist */ = {isa = PBXFileReference; fileEncoding = 4; lastKnownFileType = text.plist.xml; name = Info.plist; path = STAKA/Info.plist; sourceTree = "<group>"; };
		13B07FB71A68108700A75B9A /* main.m */ = {isa = PBXFileReference; fileEncoding = 4; lastKnownFileType = sourcecode.c.objc; name = main.m; path = STAKA/main.m; sourceTree = "<group>"; };
		1AFBBFB12A3440B8A8189F85 /* AntDesign.ttf */ = {isa = PBXFileReference; explicitFileType = undefined; fileEncoding = 9; includeInIndex = 0; lastKnownFileType = unknown; name = AntDesign.ttf; path = "../node_modules/react-native-vector-icons/Fonts/AntDesign.ttf"; sourceTree = "<group>"; };
		1DCFB560302E4D91A94D7BCA /* Feather.ttf */ = {isa = PBXFileReference; explicitFileType = undefined; fileEncoding = 9; includeInIndex = 0; lastKnownFileType = unknown; name = Feather.ttf; path = "../node_modules/react-native-vector-icons/Fonts/Feather.ttf"; sourceTree = "<group>"; };
		21BE794C73A24B8EA89B2A44 /* Feather.ttf */ = {isa = PBXFileReference; explicitFileType = undefined; fileEncoding = 9; includeInIndex = 0; lastKnownFileType = unknown; name = Feather.ttf; path = "../node_modules/native-base/Fonts/Feather.ttf"; sourceTree = "<group>"; };
		22FD49D7AA4F48C5ADFF275D /* ChakraPetch-LightItalic.ttf */ = {isa = PBXFileReference; explicitFileType = undefined; fileEncoding = 9; includeInIndex = 0; lastKnownFileType = unknown; name = "ChakraPetch-LightItalic.ttf"; path = "../app/assets/fonts/ChakraPetch-LightItalic.ttf"; sourceTree = "<group>"; };
		28CE9B77CBEA4BEB9E841C3C /* ChakraPetch-BoldItalic.ttf */ = {isa = PBXFileReference; explicitFileType = undefined; fileEncoding = 9; includeInIndex = 0; lastKnownFileType = unknown; name = "ChakraPetch-BoldItalic.ttf"; path = "../app/assets/fonts/ChakraPetch-BoldItalic.ttf"; sourceTree = "<group>"; };
		30BF49C4DBF54C97A1F430B2 /* SFProText-MediumItalic.ttf */ = {isa = PBXFileReference; explicitFileType = undefined; fileEncoding = 9; includeInIndex = 0; lastKnownFileType = unknown; name = "SFProText-MediumItalic.ttf"; path = "../app/assets/fonts/SFProText-MediumItalic.ttf"; sourceTree = "<group>"; };
		32524F2562E64609AEBCD2F9 /* SFProText-Medium.ttf */ = {isa = PBXFileReference; explicitFileType = undefined; fileEncoding = 9; includeInIndex = 0; lastKnownFileType = unknown; name = "SFProText-Medium.ttf"; path = "../app/assets/fonts/SFProText-Medium.ttf"; sourceTree = "<group>"; };
		38AFDA0D0BF147539CA3AA2A /* ChakraPetch-Bold.ttf */ = {isa = PBXFileReference; explicitFileType = undefined; fileEncoding = 9; includeInIndex = 0; lastKnownFileType = unknown; name = "ChakraPetch-Bold.ttf"; path = "../app/assets/fonts/ChakraPetch-Bold.ttf"; sourceTree = "<group>"; };
		4662FFDE28F6C78E00924159 /* Base */ = {isa = PBXFileReference; lastKnownFileType = file.xib; name = Base; path = STAKA/Base.lproj/LaunchScreen.xib; sourceTree = "<group>"; };
		46B047EB2902A484004429CC /* STAKA.entitlements */ = {isa = PBXFileReference; lastKnownFileType = text.plist.entitlements; name = STAKA.entitlements; path = STAKA/STAKA.entitlements; sourceTree = "<group>"; };
		46B047F22902A54F004429CC /* NotificationService.swift */ = {isa = PBXFileReference; lastKnownFileType = sourcecode.swift; path = NotificationService.swift; sourceTree = "<group>"; };
		46B047F42902A54F004429CC /* Info.plist */ = {isa = PBXFileReference; lastKnownFileType = text.plist.xml; path = Info.plist; sourceTree = "<group>"; };
		46B047FC2902A86C004429CC /* OneSignalNotificationServiceExtension.entitlements */ = {isa = PBXFileReference; lastKnownFileType = text.plist.entitlements; path = OneSignalNotificationServiceExtension.entitlements; sourceTree = "<group>"; };
		494441210ED746AD9CE4C7E1 /* AntDesign.ttf */ = {isa = PBXFileReference; explicitFileType = undefined; fileEncoding = 9; includeInIndex = 0; lastKnownFileType = unknown; name = AntDesign.ttf; path = "../node_modules/native-base/Fonts/AntDesign.ttf"; sourceTree = "<group>"; };
		4B8CE95FC302454FBDD143D6 /* MaterialCommunityIcons.ttf */ = {isa = PBXFileReference; explicitFileType = undefined; fileEncoding = 9; includeInIndex = 0; lastKnownFileType = unknown; name = MaterialCommunityIcons.ttf; path = "../node_modules/react-native-vector-icons/Fonts/MaterialCommunityIcons.ttf"; sourceTree = "<group>"; };
		4C1B055C97754563B1A493BA /* ChakraPetch-Italic.ttf */ = {isa = PBXFileReference; explicitFileType = undefined; fileEncoding = 9; includeInIndex = 0; lastKnownFileType = unknown; name = "ChakraPetch-Italic.ttf"; path = "../app/assets/fonts/ChakraPetch-Italic.ttf"; sourceTree = "<group>"; };
		4DE65DE54E8843399C15F752 /* Octicons.ttf */ = {isa = PBXFileReference; explicitFileType = undefined; fileEncoding = 9; includeInIndex = 0; lastKnownFileType = unknown; name = Octicons.ttf; path = "../node_modules/native-base/Fonts/Octicons.ttf"; sourceTree = "<group>"; };
		5D315A37A1BB4FFE971DFDD6 /* SFProText-Bold.ttf */ = {isa = PBXFileReference; explicitFileType = undefined; fileEncoding = 9; includeInIndex = 0; lastKnownFileType = unknown; name = "SFProText-Bold.ttf"; path = "../app/assets/fonts/SFProText-Bold.ttf"; sourceTree = "<group>"; };
		63DDF8E43BB94F1DAF3B36D5 /* FontAwesome5_Regular.ttf */ = {isa = PBXFileReference; explicitFileType = undefined; fileEncoding = 9; includeInIndex = 0; lastKnownFileType = unknown; name = FontAwesome5_Regular.ttf; path = "../node_modules/react-native-vector-icons/Fonts/FontAwesome5_Regular.ttf"; sourceTree = "<group>"; };
		64411BB1122243A98ABA7C1C /* rubicon-icon-font.ttf */ = {isa = PBXFileReference; explicitFileType = undefined; fileEncoding = 9; includeInIndex = 0; lastKnownFileType = unknown; name = "rubicon-icon-font.ttf"; path = "../node_modules/native-base/Fonts/rubicon-icon-font.ttf"; sourceTree = "<group>"; };
		694AA331AC1243BBB47E45B1 /* Ionicons.ttf */ = {isa = PBXFileReference; explicitFileType = undefined; fileEncoding = 9; includeInIndex = 0; lastKnownFileType = unknown; name = Ionicons.ttf; path = "../node_modules/native-base/Fonts/Ionicons.ttf"; sourceTree = "<group>"; };
		6F802DF7212C4468981EBAE6 /* MaterialIcons.ttf */ = {isa = PBXFileReference; explicitFileType = undefined; fileEncoding = 9; includeInIndex = 0; lastKnownFileType = unknown; name = MaterialIcons.ttf; path = "../node_modules/native-base/Fonts/MaterialIcons.ttf"; sourceTree = "<group>"; };
		713662204EB346848075C50F /* SFProText-Light.ttf */ = {isa = PBXFileReference; explicitFileType = undefined; fileEncoding = 9; includeInIndex = 0; lastKnownFileType = unknown; name = "SFProText-Light.ttf"; path = "../app/assets/fonts/SFProText-Light.ttf"; sourceTree = "<group>"; };
		80A98F20421D4665BDF1D3B5 /* Roboto.ttf */ = {isa = PBXFileReference; explicitFileType = undefined; fileEncoding = 9; includeInIndex = 0; lastKnownFileType = unknown; name = Roboto.ttf; path = "../node_modules/native-base/Fonts/Roboto.ttf"; sourceTree = "<group>"; };
		814268C996B14B83AA933E09 /* Fontisto.ttf */ = {isa = PBXFileReference; explicitFileType = undefined; fileEncoding = 9; includeInIndex = 0; lastKnownFileType = unknown; name = Fontisto.ttf; path = "../node_modules/native-base/Fonts/Fontisto.ttf"; sourceTree = "<group>"; };
		82A02219B2DC55AFE8A25A7B /* Pods-STAKA.debug.xcconfig */ = {isa = PBXFileReference; includeInIndex = 1; lastKnownFileType = text.xcconfig; name = "Pods-STAKA.debug.xcconfig"; path = "Target Support Files/Pods-STAKA/Pods-STAKA.debug.xcconfig"; sourceTree = "<group>"; };
		8A2DBBD4F84F42AAA7DAF2B7 /* SFProText-Semibold.ttf */ = {isa = PBXFileReference; explicitFileType = undefined; fileEncoding = 9; includeInIndex = 0; lastKnownFileType = unknown; name = "SFProText-Semibold.ttf"; path = "../app/assets/fonts/SFProText-Semibold.ttf"; sourceTree = "<group>"; };
		8A607EF6C0E7456B9846A283 /* SimpleLineIcons.ttf */ = {isa = PBXFileReference; explicitFileType = undefined; fileEncoding = 9; includeInIndex = 0; lastKnownFileType = unknown; name = SimpleLineIcons.ttf; path = "../node_modules/native-base/Fonts/SimpleLineIcons.ttf"; sourceTree = "<group>"; };
		8C4C471D7F3A4B2D8A650376 /* Zocial.ttf */ = {isa = PBXFileReference; explicitFileType = undefined; fileEncoding = 9; includeInIndex = 0; lastKnownFileType = unknown; name = Zocial.ttf; path = "../node_modules/react-native-vector-icons/Fonts/Zocial.ttf"; sourceTree = "<group>"; };
		8CFD6107153149EC9E59814E /* MaterialCommunityIcons.ttf */ = {isa = PBXFileReference; explicitFileType = undefined; fileEncoding = 9; includeInIndex = 0; lastKnownFileType = unknown; name = MaterialCommunityIcons.ttf; path = "../node_modules/native-base/Fonts/MaterialCommunityIcons.ttf"; sourceTree = "<group>"; };
		8D11CE34E6244CE1B1C82C3A /* FontAwesome5_Solid.ttf */ = {isa = PBXFileReference; explicitFileType = undefined; fileEncoding = 9; includeInIndex = 0; lastKnownFileType = unknown; name = FontAwesome5_Solid.ttf; path = "../node_modules/native-base/Fonts/FontAwesome5_Solid.ttf"; sourceTree = "<group>"; };
		938D4D76C3EB4EE6B5DAF509 /* FontAwesome5_Regular.ttf */ = {isa = PBXFileReference; explicitFileType = undefined; fileEncoding = 9; includeInIndex = 0; lastKnownFileType = unknown; name = FontAwesome5_Regular.ttf; path = "../node_modules/native-base/Fonts/FontAwesome5_Regular.ttf"; sourceTree = "<group>"; };
		951EF604C20041A0B5501AA4 /* ChakraPetch-Regular.ttf */ = {isa = PBXFileReference; explicitFileType = undefined; fileEncoding = 9; includeInIndex = 0; lastKnownFileType = unknown; name = "ChakraPetch-Regular.ttf"; path = "../app/assets/fonts/ChakraPetch-Regular.ttf"; sourceTree = "<group>"; };
		96472F745D5843CB81966601 /* ChakraPetch-SemiBold.ttf */ = {isa = PBXFileReference; explicitFileType = undefined; fileEncoding = 9; includeInIndex = 0; lastKnownFileType = unknown; name = "ChakraPetch-SemiBold.ttf"; path = "../app/assets/fonts/ChakraPetch-SemiBold.ttf"; sourceTree = "<group>"; };
		9989265E0B70CD43BDCF7357 /* libPods-STAKA-STAKATests.a */ = {isa = PBXFileReference; explicitFileType = archive.ar; includeInIndex = 0; path = "libPods-STAKA-STAKATests.a"; sourceTree = BUILT_PRODUCTS_DIR; };
		9AEBEA17F1C958A41C74DC6C /* Pods-STAKA.release.xcconfig */ = {isa = PBXFileReference; includeInIndex = 1; lastKnownFileType = text.xcconfig; name = "Pods-STAKA.release.xcconfig"; path = "Target Support Files/Pods-STAKA/Pods-STAKA.release.xcconfig"; sourceTree = "<group>"; };
		9D228BE2711A42B4AA6B1E94 /* Foundation.ttf */ = {isa = PBXFileReference; explicitFileType = undefined; fileEncoding = 9; includeInIndex = 0; lastKnownFileType = unknown; name = Foundation.ttf; path = "../node_modules/react-native-vector-icons/Fonts/Foundation.ttf"; sourceTree = "<group>"; };
		9D49FBA98C7543C8ADB2F6FE /* MaterialIcons.ttf */ = {isa = PBXFileReference; explicitFileType = undefined; fileEncoding = 9; includeInIndex = 0; lastKnownFileType = unknown; name = MaterialIcons.ttf; path = "../node_modules/react-native-vector-icons/Fonts/MaterialIcons.ttf"; sourceTree = "<group>"; };
		A4C3669CED384A5681C38ABD /* SFProText-BoldItalic.ttf */ = {isa = PBXFileReference; explicitFileType = undefined; fileEncoding = 9; includeInIndex = 0; lastKnownFileType = unknown; name = "SFProText-BoldItalic.ttf"; path = "../app/assets/fonts/SFProText-BoldItalic.ttf"; sourceTree = "<group>"; };
		A639F56D942E4D33B4E72636 /* SFProText-HeavyItalic.ttf */ = {isa = PBXFileReference; explicitFileType = undefined; fileEncoding = 9; includeInIndex = 0; lastKnownFileType = unknown; name = "SFProText-HeavyItalic.ttf"; path = "../app/assets/fonts/SFProText-HeavyItalic.ttf"; sourceTree = "<group>"; };
		A8CAEEF8730949ABB4E362AA /* EvilIcons.ttf */ = {isa = PBXFileReference; explicitFileType = undefined; fileEncoding = 9; includeInIndex = 0; lastKnownFileType = unknown; name = EvilIcons.ttf; path = "../node_modules/native-base/Fonts/EvilIcons.ttf"; sourceTree = "<group>"; };
		B2321621624A4483B29D97B9 /* SFProText-SemiboldItalic.ttf */ = {isa = PBXFileReference; explicitFileType = undefined; fileEncoding = 9; includeInIndex = 0; lastKnownFileType = unknown; name = "SFProText-SemiboldItalic.ttf"; path = "../app/assets/fonts/SFProText-SemiboldItalic.ttf"; sourceTree = "<group>"; };
		B2AA00E56B5C4DDFA3D6F801 /* ChakraPetch-SemiBoldItalic.ttf */ = {isa = PBXFileReference; explicitFileType = undefined; fileEncoding = 9; includeInIndex = 0; lastKnownFileType = unknown; name = "ChakraPetch-SemiBoldItalic.ttf"; path = "../app/assets/fonts/ChakraPetch-SemiBoldItalic.ttf"; sourceTree = "<group>"; };
		B310E65C3DF240D59FE801D2 /* SFProText-LightItalic.ttf */ = {isa = PBXFileReference; explicitFileType = undefined; fileEncoding = 9; includeInIndex = 0; lastKnownFileType = unknown; name = "SFProText-LightItalic.ttf"; path = "../app/assets/fonts/SFProText-LightItalic.ttf"; sourceTree = "<group>"; };
		B4311696FCE19BDD7C9957F1 /* Pods-OneSignalNotificationServiceExtension.release.xcconfig */ = {isa = PBXFileReference; includeInIndex = 1; lastKnownFileType = text.xcconfig; name = "Pods-OneSignalNotificationServiceExtension.release.xcconfig"; path = "Target Support Files/Pods-OneSignalNotificationServiceExtension/Pods-OneSignalNotificationServiceExtension.release.xcconfig"; sourceTree = "<group>"; };
		BC359F439A5144B69A1D79DA /* Roboto_medium.ttf */ = {isa = PBXFileReference; explicitFileType = undefined; fileEncoding = 9; includeInIndex = 0; lastKnownFileType = unknown; name = Roboto_medium.ttf; path = "../node_modules/native-base/Fonts/Roboto_medium.ttf"; sourceTree = "<group>"; };
		C0BF47537D266DD14EB7028E /* Pods-STAKA-STAKATests.release.xcconfig */ = {isa = PBXFileReference; includeInIndex = 1; lastKnownFileType = text.xcconfig; name = "Pods-STAKA-STAKATests.release.xcconfig"; path = "Target Support Files/Pods-STAKA-STAKATests/Pods-STAKA-STAKATests.release.xcconfig"; sourceTree = "<group>"; };
		C2ACCD9538C1412EB088CE77 /* SFProText-RegularItalic.ttf */ = {isa = PBXFileReference; explicitFileType = undefined; fileEncoding = 9; includeInIndex = 0; lastKnownFileType = unknown; name = "SFProText-RegularItalic.ttf"; path = "../app/assets/fonts/SFProText-RegularItalic.ttf"; sourceTree = "<group>"; };
		C3017541E13C415DAD0F3352 /* Foundation.ttf */ = {isa = PBXFileReference; explicitFileType = undefined; fileEncoding = 9; includeInIndex = 0; lastKnownFileType = unknown; name = Foundation.ttf; path = "../node_modules/native-base/Fonts/Foundation.ttf"; sourceTree = "<group>"; };
		C31870B4CCA042549AD8D1B6 /* SFProText-Regular.ttf */ = {isa = PBXFileReference; explicitFileType = undefined; fileEncoding = 9; includeInIndex = 0; lastKnownFileType = unknown; name = "SFProText-Regular.ttf"; path = "../app/assets/fonts/SFProText-Regular.ttf"; sourceTree = "<group>"; };
		C6E10BA1AE2D4380973F76EE /* ChakraPetch-Light.ttf */ = {isa = PBXFileReference; explicitFileType = undefined; fileEncoding = 9; includeInIndex = 0; lastKnownFileType = unknown; name = "ChakraPetch-Light.ttf"; path = "../app/assets/fonts/ChakraPetch-Light.ttf"; sourceTree = "<group>"; };
		C9FD89AA77292786AA1762A7 /* libPods-STAKA.a */ = {isa = PBXFileReference; explicitFileType = archive.ar; includeInIndex = 0; path = "libPods-STAKA.a"; sourceTree = BUILT_PRODUCTS_DIR; };
		CDF66F0A2F5B4F459B10251A /* Zocial.ttf */ = {isa = PBXFileReference; explicitFileType = undefined; fileEncoding = 9; includeInIndex = 0; lastKnownFileType = unknown; name = Zocial.ttf; path = "../node_modules/native-base/Fonts/Zocial.ttf"; sourceTree = "<group>"; };
		CE92535B1CDD4EA7A5F7275B /* Entypo.ttf */ = {isa = PBXFileReference; explicitFileType = undefined; fileEncoding = 9; includeInIndex = 0; lastKnownFileType = unknown; name = Entypo.ttf; path = "../node_modules/react-native-vector-icons/Fonts/Entypo.ttf"; sourceTree = "<group>"; };
		D08F68AA0AE845FCBB66C874 /* EvilIcons.ttf */ = {isa = PBXFileReference; explicitFileType = undefined; fileEncoding = 9; includeInIndex = 0; lastKnownFileType = unknown; name = EvilIcons.ttf; path = "../node_modules/react-native-vector-icons/Fonts/EvilIcons.ttf"; sourceTree = "<group>"; };
		D0A8A12BA70549098BDC52B3 /* FontAwesome5_Solid.ttf */ = {isa = PBXFileReference; explicitFileType = undefined; fileEncoding = 9; includeInIndex = 0; lastKnownFileType = unknown; name = FontAwesome5_Solid.ttf; path = "../node_modules/react-native-vector-icons/Fonts/FontAwesome5_Solid.ttf"; sourceTree = "<group>"; };
		D309126871F74AAE9B2B938D /* FontAwesome.ttf */ = {isa = PBXFileReference; explicitFileType = undefined; fileEncoding = 9; includeInIndex = 0; lastKnownFileType = unknown; name = FontAwesome.ttf; path = "../node_modules/native-base/Fonts/FontAwesome.ttf"; sourceTree = "<group>"; };
		D9CA457011E845638C9D306C /* FontAwesome5_Brands.ttf */ = {isa = PBXFileReference; explicitFileType = undefined; fileEncoding = 9; includeInIndex = 0; lastKnownFileType = unknown; name = FontAwesome5_Brands.ttf; path = "../node_modules/native-base/Fonts/FontAwesome5_Brands.ttf"; sourceTree = "<group>"; };
		DBB598E698084497AD997122 /* Octicons.ttf */ = {isa = PBXFileReference; explicitFileType = undefined; fileEncoding = 9; includeInIndex = 0; lastKnownFileType = unknown; name = Octicons.ttf; path = "../node_modules/react-native-vector-icons/Fonts/Octicons.ttf"; sourceTree = "<group>"; };
		DEF2E819F1E54CD482C961D6 /* ChakraPetch-MediumItalic.ttf */ = {isa = PBXFileReference; explicitFileType = undefined; fileEncoding = 9; includeInIndex = 0; lastKnownFileType = unknown; name = "ChakraPetch-MediumItalic.ttf"; path = "../app/assets/fonts/ChakraPetch-MediumItalic.ttf"; sourceTree = "<group>"; };
		E22928C2F315467885B4091E /* SimpleLineIcons.ttf */ = {isa = PBXFileReference; explicitFileType = undefined; fileEncoding = 9; includeInIndex = 0; lastKnownFileType = unknown; name = SimpleLineIcons.ttf; path = "../node_modules/react-native-vector-icons/Fonts/SimpleLineIcons.ttf"; sourceTree = "<group>"; };
		E442CC7FD4D13355199753AB /* Pods-STAKA-STAKATests.debug.xcconfig */ = {isa = PBXFileReference; includeInIndex = 1; lastKnownFileType = text.xcconfig; name = "Pods-STAKA-STAKATests.debug.xcconfig"; path = "Target Support Files/Pods-STAKA-STAKATests/Pods-STAKA-STAKATests.debug.xcconfig"; sourceTree = "<group>"; };
		E7F919700D854712AAF911AE /* Fontisto.ttf */ = {isa = PBXFileReference; explicitFileType = undefined; fileEncoding = 9; includeInIndex = 0; lastKnownFileType = unknown; name = Fontisto.ttf; path = "../node_modules/react-native-vector-icons/Fonts/Fontisto.ttf"; sourceTree = "<group>"; };
		ED297162215061F000B7C4FE /* JavaScriptCore.framework */ = {isa = PBXFileReference; lastKnownFileType = wrapper.framework; name = JavaScriptCore.framework; path = System/Library/Frameworks/JavaScriptCore.framework; sourceTree = SDKROOT; };
		F5E65D6B7E484507846C41F2 /* FontAwesome.ttf */ = {isa = PBXFileReference; explicitFileType = undefined; fileEncoding = 9; includeInIndex = 0; lastKnownFileType = unknown; name = FontAwesome.ttf; path = "../node_modules/react-native-vector-icons/Fonts/FontAwesome.ttf"; sourceTree = "<group>"; };
		FF6DD3EC5D2F430FA18FF94D /* ChakraPetch-Medium.ttf */ = {isa = PBXFileReference; explicitFileType = undefined; fileEncoding = 9; includeInIndex = 0; lastKnownFileType = unknown; name = "ChakraPetch-Medium.ttf"; path = "../app/assets/fonts/ChakraPetch-Medium.ttf"; sourceTree = "<group>"; };
/* End PBXFileReference section */

/* Begin PBXFrameworksBuildPhase section */
		00E356EB1AD99517003FC87E /* Frameworks */ = {
			isa = PBXFrameworksBuildPhase;
			buildActionMask = 2147483647;
			files = (
				509297A0A65A0F3302FAD011 /* libPods-STAKA-STAKATests.a in Frameworks */,
			);
			runOnlyForDeploymentPostprocessing = 0;
		};
		13B07F8C1A680F5B00A75B9A /* Frameworks */ = {
			isa = PBXFrameworksBuildPhase;
			buildActionMask = 2147483647;
			files = (
				D08128B17624415C15B52D4B /* libPods-STAKA.a in Frameworks */,
			);
			runOnlyForDeploymentPostprocessing = 0;
		};
/* End PBXFrameworksBuildPhase section */

/* Begin PBXGroup section */
		00E356EF1AD99517003FC87E /* STAKATests */ = {
			isa = PBXGroup;
			children = (
				00E356F21AD99517003FC87E /* STAKATests.m */,
				00E356F01AD99517003FC87E /* Supporting Files */,
			);
			path = STAKATests;
			sourceTree = "<group>";
		};
		00E356F01AD99517003FC87E /* Supporting Files */ = {
			isa = PBXGroup;
			children = (
				00E356F11AD99517003FC87E /* Info.plist */,
			);
			name = "Supporting Files";
			sourceTree = "<group>";
		};
		13B07FAE1A68108700A75B9A /* STAKA */ = {
			isa = PBXGroup;
			children = (
				46B047EB2902A484004429CC /* STAKA.entitlements */,
				4662FFDD28F6C78E00924159 /* LaunchScreen.xib */,
				13B07FAF1A68108700A75B9A /* AppDelegate.h */,
				13B07FB01A68108700A75B9A /* AppDelegate.m */,
				13B07FB51A68108700A75B9A /* Images.xcassets */,
				13B07FB61A68108700A75B9A /* Info.plist */,
				13B07FB71A68108700A75B9A /* main.m */,
			);
			name = STAKA;
			sourceTree = "<group>";
		};
		2D16E6871FA4F8E400B85C8A /* Frameworks */ = {
			isa = PBXGroup;
			children = (
				ED297162215061F000B7C4FE /* JavaScriptCore.framework */,
				C9FD89AA77292786AA1762A7 /* libPods-STAKA.a */,
				9989265E0B70CD43BDCF7357 /* libPods-STAKA-STAKATests.a */,
				12D72E56E4106367968434FB /* libPods-OneSignalNotificationServiceExtension.a */,
			);
			name = Frameworks;
			sourceTree = "<group>";
		};
		30979FE636624F7EA20C4C6A /* Resources */ = {
			isa = PBXGroup;
			children = (
				1AFBBFB12A3440B8A8189F85 /* AntDesign.ttf */,
				CE92535B1CDD4EA7A5F7275B /* Entypo.ttf */,
				D08F68AA0AE845FCBB66C874 /* EvilIcons.ttf */,
				1DCFB560302E4D91A94D7BCA /* Feather.ttf */,
				F5E65D6B7E484507846C41F2 /* FontAwesome.ttf */,
				12C2BE7D488B42E9AA9EF923 /* FontAwesome5_Brands.ttf */,
				63DDF8E43BB94F1DAF3B36D5 /* FontAwesome5_Regular.ttf */,
				D0A8A12BA70549098BDC52B3 /* FontAwesome5_Solid.ttf */,
				E7F919700D854712AAF911AE /* Fontisto.ttf */,
				9D228BE2711A42B4AA6B1E94 /* Foundation.ttf */,
				0D15009B0FBB4C9F9EC7F13F /* Ionicons.ttf */,
				4B8CE95FC302454FBDD143D6 /* MaterialCommunityIcons.ttf */,
				9D49FBA98C7543C8ADB2F6FE /* MaterialIcons.ttf */,
				DBB598E698084497AD997122 /* Octicons.ttf */,
				E22928C2F315467885B4091E /* SimpleLineIcons.ttf */,
				8C4C471D7F3A4B2D8A650376 /* Zocial.ttf */,
				5D315A37A1BB4FFE971DFDD6 /* SFProText-Bold.ttf */,
				A4C3669CED384A5681C38ABD /* SFProText-BoldItalic.ttf */,
				10B81E7F4E8041B19BE14712 /* SFProText-Heavy.ttf */,
				A639F56D942E4D33B4E72636 /* SFProText-HeavyItalic.ttf */,
				713662204EB346848075C50F /* SFProText-Light.ttf */,
				B310E65C3DF240D59FE801D2 /* SFProText-LightItalic.ttf */,
				32524F2562E64609AEBCD2F9 /* SFProText-Medium.ttf */,
				30BF49C4DBF54C97A1F430B2 /* SFProText-MediumItalic.ttf */,
				C31870B4CCA042549AD8D1B6 /* SFProText-Regular.ttf */,
				C2ACCD9538C1412EB088CE77 /* SFProText-RegularItalic.ttf */,
				8A2DBBD4F84F42AAA7DAF2B7 /* SFProText-Semibold.ttf */,
				B2321621624A4483B29D97B9 /* SFProText-SemiboldItalic.ttf */,
				494441210ED746AD9CE4C7E1 /* AntDesign.ttf */,
				051F8CEB4F614A1AA7709068 /* Entypo.ttf */,
				A8CAEEF8730949ABB4E362AA /* EvilIcons.ttf */,
				21BE794C73A24B8EA89B2A44 /* Feather.ttf */,
				D309126871F74AAE9B2B938D /* FontAwesome.ttf */,
				D9CA457011E845638C9D306C /* FontAwesome5_Brands.ttf */,
				938D4D76C3EB4EE6B5DAF509 /* FontAwesome5_Regular.ttf */,
				8D11CE34E6244CE1B1C82C3A /* FontAwesome5_Solid.ttf */,
				814268C996B14B83AA933E09 /* Fontisto.ttf */,
				C3017541E13C415DAD0F3352 /* Foundation.ttf */,
				694AA331AC1243BBB47E45B1 /* Ionicons.ttf */,
				8CFD6107153149EC9E59814E /* MaterialCommunityIcons.ttf */,
				6F802DF7212C4468981EBAE6 /* MaterialIcons.ttf */,
				4DE65DE54E8843399C15F752 /* Octicons.ttf */,
				BC359F439A5144B69A1D79DA /* Roboto_medium.ttf */,
				80A98F20421D4665BDF1D3B5 /* Roboto.ttf */,
				64411BB1122243A98ABA7C1C /* rubicon-icon-font.ttf */,
				8A607EF6C0E7456B9846A283 /* SimpleLineIcons.ttf */,
				CDF66F0A2F5B4F459B10251A /* Zocial.ttf */,
				38AFDA0D0BF147539CA3AA2A /* ChakraPetch-Bold.ttf */,
				28CE9B77CBEA4BEB9E841C3C /* ChakraPetch-BoldItalic.ttf */,
				4C1B055C97754563B1A493BA /* ChakraPetch-Italic.ttf */,
				C6E10BA1AE2D4380973F76EE /* ChakraPetch-Light.ttf */,
				22FD49D7AA4F48C5ADFF275D /* ChakraPetch-LightItalic.ttf */,
				FF6DD3EC5D2F430FA18FF94D /* ChakraPetch-Medium.ttf */,
				DEF2E819F1E54CD482C961D6 /* ChakraPetch-MediumItalic.ttf */,
				951EF604C20041A0B5501AA4 /* ChakraPetch-Regular.ttf */,
				96472F745D5843CB81966601 /* ChakraPetch-SemiBold.ttf */,
				B2AA00E56B5C4DDFA3D6F801 /* ChakraPetch-SemiBoldItalic.ttf */,
			);
			name = Resources;
			sourceTree = "<group>";
		};
		46B047F12902A54F004429CC /* OneSignalNotificationServiceExtension */ = {
			isa = PBXGroup;
			children = (
				46B047FC2902A86C004429CC /* OneSignalNotificationServiceExtension.entitlements */,
				46B047F22902A54F004429CC /* NotificationService.swift */,
				46B047F42902A54F004429CC /* Info.plist */,
			);
			path = OneSignalNotificationServiceExtension;
			sourceTree = "<group>";
		};
		4BC4E59C1A06BCC893146E2A /* Pods */ = {
			isa = PBXGroup;
			children = (
				82A02219B2DC55AFE8A25A7B /* Pods-STAKA.debug.xcconfig */,
				9AEBEA17F1C958A41C74DC6C /* Pods-STAKA.release.xcconfig */,
				E442CC7FD4D13355199753AB /* Pods-STAKA-STAKATests.debug.xcconfig */,
				C0BF47537D266DD14EB7028E /* Pods-STAKA-STAKATests.release.xcconfig */,
				102742D770FC674D8AEB1A19 /* Pods-OneSignalNotificationServiceExtension.debug.xcconfig */,
				B4311696FCE19BDD7C9957F1 /* Pods-OneSignalNotificationServiceExtension.release.xcconfig */,
			);
			path = Pods;
			sourceTree = "<group>";
		};
		832341AE1AAA6A7D00B99B32 /* Libraries */ = {
			isa = PBXGroup;
			children = (
			);
			name = Libraries;
			sourceTree = "<group>";
		};
		83CBB9F61A601CBA00E9B192 = {
			isa = PBXGroup;
			children = (
				13B07FAE1A68108700A75B9A /* STAKA */,
				832341AE1AAA6A7D00B99B32 /* Libraries */,
				00E356EF1AD99517003FC87E /* STAKATests */,
				46B047F12902A54F004429CC /* OneSignalNotificationServiceExtension */,
				83CBBA001A601CBA00E9B192 /* Products */,
				2D16E6871FA4F8E400B85C8A /* Frameworks */,
				4BC4E59C1A06BCC893146E2A /* Pods */,
				30979FE636624F7EA20C4C6A /* Resources */,
			);
			indentWidth = 2;
			sourceTree = "<group>";
			tabWidth = 2;
			usesTabs = 0;
		};
		83CBBA001A601CBA00E9B192 /* Products */ = {
			isa = PBXGroup;
			children = (
				13B07F961A680F5B00A75B9A /* STAKA.app */,
				00E356EE1AD99517003FC87E /* STAKATests.xctest */,
			);
			name = Products;
			sourceTree = "<group>";
		};
/* End PBXGroup section */

/* Begin PBXNativeTarget section */
		00E356ED1AD99517003FC87E /* STAKATests */ = {
			isa = PBXNativeTarget;
			buildConfigurationList = 00E357021AD99517003FC87E /* Build configuration list for PBXNativeTarget "STAKATests" */;
			buildPhases = (
				71BF19E7F8DBF33B90A238B0 /* [CP] Check Pods Manifest.lock */,
				00E356EA1AD99517003FC87E /* Sources */,
				00E356EB1AD99517003FC87E /* Frameworks */,
				00E356EC1AD99517003FC87E /* Resources */,
				76E53650D636BA88AD94693C /* [CP] Copy Pods Resources */,
				3C333E8B49D79AE0C8B6E450 /* [CP] Embed Pods Frameworks */,
			);
			buildRules = (
			);
			dependencies = (
				00E356F51AD99517003FC87E /* PBXTargetDependency */,
			);
			name = STAKATests;
			productName = STAKATests;
			productReference = 00E356EE1AD99517003FC87E /* STAKATests.xctest */;
			productType = "com.apple.product-type.bundle.unit-test";
		};
		13B07F861A680F5B00A75B9A /* STAKA */ = {
			isa = PBXNativeTarget;
			buildConfigurationList = 13B07F931A680F5B00A75B9A /* Build configuration list for PBXNativeTarget "STAKA" */;
			buildPhases = (
				2990BB0C413F6D666F96E3A1 /* [CP] Check Pods Manifest.lock */,
				FD10A7F022414F080027D42C /* Start Packager */,
				13B07F871A680F5B00A75B9A /* Sources */,
				13B07F8C1A680F5B00A75B9A /* Frameworks */,
				13B07F8E1A680F5B00A75B9A /* Resources */,
				00DD1BFF1BD5951E006B06BC /* Bundle React Native code and images */,
				F3E2E274542F8A077AFD32D8 /* [CP] Copy Pods Resources */,
				46B047FB2902A54F004429CC /* Embed App Extensions */,
				F9F2D8F4316DE43CB61D7CFC /* [CP] Embed Pods Frameworks */,
			);
			buildRules = (
			);
			dependencies = (
			);
			name = STAKA;
			productName = STAKA;
			productReference = 13B07F961A680F5B00A75B9A /* STAKA.app */;
			productType = "com.apple.product-type.application";
		};
/* End PBXNativeTarget section */

/* Begin PBXProject section */
		83CBB9F71A601CBA00E9B192 /* Project object */ = {
			isa = PBXProject;
			attributes = {
				LastSwiftUpdateCheck = 1320;
				LastUpgradeCheck = 1210;
				TargetAttributes = {
					00E356ED1AD99517003FC87E = {
						CreatedOnToolsVersion = 6.2;
						TestTargetID = 13B07F861A680F5B00A75B9A;
					};
					13B07F861A680F5B00A75B9A = {
						LastSwiftMigration = 1120;
					};
				};
			};
			buildConfigurationList = 83CBB9FA1A601CBA00E9B192 /* Build configuration list for PBXProject "STAKA" */;
			compatibilityVersion = "Xcode 12.0";
			developmentRegion = en;
			hasScannedForEncodings = 0;
			knownRegions = (
				en,
				Base,
			);
			mainGroup = 83CBB9F61A601CBA00E9B192;
			productRefGroup = 83CBBA001A601CBA00E9B192 /* Products */;
			projectDirPath = "";
			projectRoot = "";
			targets = (
				13B07F861A680F5B00A75B9A /* STAKA */,
				00E356ED1AD99517003FC87E /* STAKATests */,
			);
		};
/* End PBXProject section */

/* Begin PBXResourcesBuildPhase section */
		00E356EC1AD99517003FC87E /* Resources */ = {
			isa = PBXResourcesBuildPhase;
			buildActionMask = 2147483647;
			files = (
			);
			runOnlyForDeploymentPostprocessing = 0;
		};
		13B07F8E1A680F5B00A75B9A /* Resources */ = {
			isa = PBXResourcesBuildPhase;
			buildActionMask = 2147483647;
			files = (
				4662FFDF28F6C78E00924159 /* LaunchScreen.xib in Resources */,
				13B07FBF1A68108700A75B9A /* Images.xcassets in Resources */,
				AD3890F886C54991A407FC8A /* SFProText-Bold.ttf in Resources */,
				7702ABC16B044E9AA414AA10 /* SFProText-Heavy.ttf in Resources */,
				EBE5E84000264FE7BE17B7BA /* SFProText-HeavyItalic.ttf in Resources */,
				F10152018E9A4BF0BCCF08AE /* SFProText-Light.ttf in Resources */,
				6E5C3921240D46598D561296 /* SFProText-LightItalic.ttf in Resources */,
				5A97CF4747314F39B813C2BE /* SFProText-Medium.ttf in Resources */,
				BB56282291EB47B39244054E /* SFProText-MediumItalic.ttf in Resources */,
				85DC243AE0934A4D897DDA0D /* SFProText-Regular.ttf in Resources */,
				AD14A20F4C9E405AAB31667F /* SFProText-RegularItalic.ttf in Resources */,
				834D1201FDCE4AFA98ADEC30 /* SFProText-Semibold.ttf in Resources */,
				4102A85DE53143ED98662FAB /* SFProText-SemiboldItalic.ttf in Resources */,
				6AC7B9C3A7F1426C8C403565 /* ChakraPetch-Bold.ttf in Resources */,
				0DCB59341DC340888A659772 /* ChakraPetch-BoldItalic.ttf in Resources */,
				CD6A6F1976DA4A54BC4947E7 /* ChakraPetch-Italic.ttf in Resources */,
				38FDCFD9BD1E4450897AFF00 /* ChakraPetch-Light.ttf in Resources */,
				E56E2508E78E4B369B79FA99 /* ChakraPetch-LightItalic.ttf in Resources */,
				277B544B4164490C90C07715 /* ChakraPetch-Medium.ttf in Resources */,
				4CF876036D9C4B63B70C32B0 /* ChakraPetch-MediumItalic.ttf in Resources */,
				31CAA30E8CFB4362BD070FC0 /* ChakraPetch-Regular.ttf in Resources */,
				F9C289A9486D488695783D43 /* ChakraPetch-SemiBold.ttf in Resources */,
				D3DE6469F001404DAFDAE077 /* ChakraPetch-SemiBoldItalic.ttf in Resources */,
			);
			runOnlyForDeploymentPostprocessing = 0;
		};
/* End PBXResourcesBuildPhase section */

/* Begin PBXShellScriptBuildPhase section */
		00DD1BFF1BD5951E006B06BC /* Bundle React Native code and images */ = {
			isa = PBXShellScriptBuildPhase;
			buildActionMask = 2147483647;
			files = (
			);
			inputPaths = (
			);
			name = "Bundle React Native code and images";
			outputPaths = (
			);
			runOnlyForDeploymentPostprocessing = 0;
			shellPath = /bin/sh;
			shellScript = "set -e\n\nexport NODE_BINARY=node\n../node_modules/react-native/scripts/react-native-xcode.sh\n";
		};
		2990BB0C413F6D666F96E3A1 /* [CP] Check Pods Manifest.lock */ = {
			isa = PBXShellScriptBuildPhase;
			buildActionMask = 2147483647;
			files = (
			);
			inputFileListPaths = (
			);
			inputPaths = (
				"${PODS_PODFILE_DIR_PATH}/Podfile.lock",
				"${PODS_ROOT}/Manifest.lock",
			);
			name = "[CP] Check Pods Manifest.lock";
			outputFileListPaths = (
			);
			outputPaths = (
				"$(DERIVED_FILE_DIR)/Pods-STAKA-checkManifestLockResult.txt",
			);
			runOnlyForDeploymentPostprocessing = 0;
			shellPath = /bin/sh;
			shellScript = "diff \"${PODS_PODFILE_DIR_PATH}/Podfile.lock\" \"${PODS_ROOT}/Manifest.lock\" > /dev/null\nif [ $? != 0 ] ; then\n    # print error to STDERR\n    echo \"error: The sandbox is not in sync with the Podfile.lock. Run 'pod install' or update your CocoaPods installation.\" >&2\n    exit 1\nfi\n# This output is used by Xcode 'outputs' to avoid re-running this script phase.\necho \"SUCCESS\" > \"${SCRIPT_OUTPUT_FILE_0}\"\n";
			showEnvVarsInLog = 0;
		};
		3C333E8B49D79AE0C8B6E450 /* [CP] Embed Pods Frameworks */ = {
			isa = PBXShellScriptBuildPhase;
			buildActionMask = 2147483647;
			files = (
			);
			inputFileListPaths = (
				"${PODS_ROOT}/Target Support Files/Pods-STAKA-STAKATests/Pods-STAKA-STAKATests-frameworks-${CONFIGURATION}-input-files.xcfilelist",
			);
			name = "[CP] Embed Pods Frameworks";
			outputFileListPaths = (
				"${PODS_ROOT}/Target Support Files/Pods-STAKA-STAKATests/Pods-STAKA-STAKATests-frameworks-${CONFIGURATION}-output-files.xcfilelist",
			);
			runOnlyForDeploymentPostprocessing = 0;
			shellPath = /bin/sh;
			shellScript = "\"${PODS_ROOT}/Target Support Files/Pods-STAKA-STAKATests/Pods-STAKA-STAKATests-frameworks.sh\"\n";
			showEnvVarsInLog = 0;
		};
		71BF19E7F8DBF33B90A238B0 /* [CP] Check Pods Manifest.lock */ = {
			isa = PBXShellScriptBuildPhase;
			buildActionMask = 2147483647;
			files = (
			);
			inputFileListPaths = (
			);
			inputPaths = (
				"${PODS_PODFILE_DIR_PATH}/Podfile.lock",
				"${PODS_ROOT}/Manifest.lock",
			);
			name = "[CP] Check Pods Manifest.lock";
			outputFileListPaths = (
			);
			outputPaths = (
				"$(DERIVED_FILE_DIR)/Pods-STAKA-STAKATests-checkManifestLockResult.txt",
			);
			runOnlyForDeploymentPostprocessing = 0;
			shellPath = /bin/sh;
			shellScript = "diff \"${PODS_PODFILE_DIR_PATH}/Podfile.lock\" \"${PODS_ROOT}/Manifest.lock\" > /dev/null\nif [ $? != 0 ] ; then\n    # print error to STDERR\n    echo \"error: The sandbox is not in sync with the Podfile.lock. Run 'pod install' or update your CocoaPods installation.\" >&2\n    exit 1\nfi\n# This output is used by Xcode 'outputs' to avoid re-running this script phase.\necho \"SUCCESS\" > \"${SCRIPT_OUTPUT_FILE_0}\"\n";
			showEnvVarsInLog = 0;
		};
		76E53650D636BA88AD94693C /* [CP] Copy Pods Resources */ = {
			isa = PBXShellScriptBuildPhase;
			buildActionMask = 2147483647;
			files = (
			);
			inputFileListPaths = (
				"${PODS_ROOT}/Target Support Files/Pods-STAKA-STAKATests/Pods-STAKA-STAKATests-resources-${CONFIGURATION}-input-files.xcfilelist",
			);
			name = "[CP] Copy Pods Resources";
			outputFileListPaths = (
				"${PODS_ROOT}/Target Support Files/Pods-STAKA-STAKATests/Pods-STAKA-STAKATests-resources-${CONFIGURATION}-output-files.xcfilelist",
			);
			runOnlyForDeploymentPostprocessing = 0;
			shellPath = /bin/sh;
			shellScript = "\"${PODS_ROOT}/Target Support Files/Pods-STAKA-STAKATests/Pods-STAKA-STAKATests-resources.sh\"\n";
			showEnvVarsInLog = 0;
		};
		F3E2E274542F8A077AFD32D8 /* [CP] Copy Pods Resources */ = {
			isa = PBXShellScriptBuildPhase;
			buildActionMask = 2147483647;
			files = (
			);
			inputFileListPaths = (
				"${PODS_ROOT}/Target Support Files/Pods-STAKA/Pods-STAKA-resources-${CONFIGURATION}-input-files.xcfilelist",
			);
			name = "[CP] Copy Pods Resources";
			outputFileListPaths = (
				"${PODS_ROOT}/Target Support Files/Pods-STAKA/Pods-STAKA-resources-${CONFIGURATION}-output-files.xcfilelist",
			);
			runOnlyForDeploymentPostprocessing = 0;
			shellPath = /bin/sh;
			shellScript = "\"${PODS_ROOT}/Target Support Files/Pods-STAKA/Pods-STAKA-resources.sh\"\n";
			showEnvVarsInLog = 0;
		};
		F9F2D8F4316DE43CB61D7CFC /* [CP] Embed Pods Frameworks */ = {
			isa = PBXShellScriptBuildPhase;
			buildActionMask = 2147483647;
			files = (
			);
			inputFileListPaths = (
				"${PODS_ROOT}/Target Support Files/Pods-STAKA/Pods-STAKA-frameworks-${CONFIGURATION}-input-files.xcfilelist",
			);
			name = "[CP] Embed Pods Frameworks";
			outputFileListPaths = (
				"${PODS_ROOT}/Target Support Files/Pods-STAKA/Pods-STAKA-frameworks-${CONFIGURATION}-output-files.xcfilelist",
			);
			runOnlyForDeploymentPostprocessing = 0;
			shellPath = /bin/sh;
			shellScript = "\"${PODS_ROOT}/Target Support Files/Pods-STAKA/Pods-STAKA-frameworks.sh\"\n";
			showEnvVarsInLog = 0;
		};
		FD10A7F022414F080027D42C /* Start Packager */ = {
			isa = PBXShellScriptBuildPhase;
			buildActionMask = 2147483647;
			files = (
			);
			inputFileListPaths = (
			);
			inputPaths = (
			);
			name = "Start Packager";
			outputFileListPaths = (
			);
			outputPaths = (
			);
			runOnlyForDeploymentPostprocessing = 0;
			shellPath = /bin/sh;
			shellScript = "export RCT_METRO_PORT=\"${RCT_METRO_PORT:=8081}\"\necho \"export RCT_METRO_PORT=${RCT_METRO_PORT}\" > \"${SRCROOT}/../node_modules/react-native/scripts/.packager.env\"\nif [ -z \"${RCT_NO_LAUNCH_PACKAGER+xxx}\" ] ; then\n  if nc -w 5 -z localhost ${RCT_METRO_PORT} ; then\n    if ! curl -s \"http://localhost:${RCT_METRO_PORT}/status\" | grep -q \"packager-status:running\" ; then\n      echo \"Port ${RCT_METRO_PORT} already in use, packager is either not running or not running correctly\"\n      exit 2\n    fi\n  else\n    open \"$SRCROOT/../node_modules/react-native/scripts/launchPackager.command\" || echo \"Can't start packager automatically\"\n  fi\nfi\n";
			showEnvVarsInLog = 0;
		};
/* End PBXShellScriptBuildPhase section */

/* Begin PBXSourcesBuildPhase section */
		00E356EA1AD99517003FC87E /* Sources */ = {
			isa = PBXSourcesBuildPhase;
			buildActionMask = 2147483647;
			files = (
				00E356F31AD99517003FC87E /* STAKATests.m in Sources */,
			);
			runOnlyForDeploymentPostprocessing = 0;
		};
		13B07F871A680F5B00A75B9A /* Sources */ = {
			isa = PBXSourcesBuildPhase;
			buildActionMask = 2147483647;
			files = (
				13B07FBC1A68108700A75B9A /* AppDelegate.m in Sources */,
				13B07FC11A68108700A75B9A /* main.m in Sources */,
			);
			runOnlyForDeploymentPostprocessing = 0;
		};
/* End PBXSourcesBuildPhase section */

/* Begin PBXTargetDependency section */
		00E356F51AD99517003FC87E /* PBXTargetDependency */ = {
			isa = PBXTargetDependency;
			target = 13B07F861A680F5B00A75B9A /* STAKA */;
			targetProxy = 00E356F41AD99517003FC87E /* PBXContainerItemProxy */;
		};
/* End PBXTargetDependency section */

/* Begin PBXVariantGroup section */
		4662FFDD28F6C78E00924159 /* LaunchScreen.xib */ = {
			isa = PBXVariantGroup;
			children = (
				4662FFDE28F6C78E00924159 /* Base */,
			);
			name = LaunchScreen.xib;
			sourceTree = "<group>";
		};
/* End PBXVariantGroup section */

/* Begin XCBuildConfiguration section */
		00E356F61AD99517003FC87E /* Debug */ = {
			isa = XCBuildConfiguration;
			baseConfigurationReference = E442CC7FD4D13355199753AB /* Pods-STAKA-STAKATests.debug.xcconfig */;
			buildSettings = {
				BUNDLE_LOADER = "$(TEST_HOST)";
				DEVELOPMENT_TEAM = 5UEV5W6S97;
				GCC_PREPROCESSOR_DEFINITIONS = (
					"DEBUG=1",
					"$(inherited)",
				);
				INFOPLIST_FILE = STAKATests/Info.plist;
				IPHONEOS_DEPLOYMENT_TARGET = 10.0;
				LD_RUNPATH_SEARCH_PATHS = (
					"$(inherited)",
					"@executable_path/Frameworks",
					"@loader_path/Frameworks",
				);
				OTHER_LDFLAGS = (
					"-ObjC",
					"-lc++",
					"$(inherited)",
				);
				PRODUCT_BUNDLE_IDENTIFIER = "org.reactjs.native.example.$(PRODUCT_NAME:rfc1034identifier)";
				PRODUCT_NAME = "$(TARGET_NAME)";
				TEST_HOST = "$(BUILT_PRODUCTS_DIR)/STAKA.app/STAKA";
			};
			name = Debug;
		};
		00E356F71AD99517003FC87E /* Release */ = {
			isa = XCBuildConfiguration;
			baseConfigurationReference = C0BF47537D266DD14EB7028E /* Pods-STAKA-STAKATests.release.xcconfig */;
			buildSettings = {
				BUNDLE_LOADER = "$(TEST_HOST)";
				COPY_PHASE_STRIP = NO;
				DEVELOPMENT_TEAM = 5UEV5W6S97;
				INFOPLIST_FILE = STAKATests/Info.plist;
				IPHONEOS_DEPLOYMENT_TARGET = 10.0;
				LD_RUNPATH_SEARCH_PATHS = (
					"$(inherited)",
					"@executable_path/Frameworks",
					"@loader_path/Frameworks",
				);
				OTHER_LDFLAGS = (
					"-ObjC",
					"-lc++",
					"$(inherited)",
				);
				PRODUCT_BUNDLE_IDENTIFIER = "org.reactjs.native.example.$(PRODUCT_NAME:rfc1034identifier)";
				PRODUCT_NAME = "$(TARGET_NAME)";
				TEST_HOST = "$(BUILT_PRODUCTS_DIR)/STAKA.app/STAKA";
			};
			name = Release;
		};
		13B07F941A680F5B00A75B9A /* Debug */ = {
			isa = XCBuildConfiguration;
			baseConfigurationReference = 82A02219B2DC55AFE8A25A7B /* Pods-STAKA.debug.xcconfig */;
			buildSettings = {
				ALWAYS_EMBED_SWIFT_STANDARD_LIBRARIES = YES;
				ASSETCATALOG_COMPILER_APPICON_NAME = AppIcon;
				CLANG_ENABLE_MODULES = YES;
				CODE_SIGN_ENTITLEMENTS = STAKA/STAKA.entitlements;
				CURRENT_PROJECT_VERSION = 1;
				DEVELOPMENT_TEAM = L963ZX6X5W;
				ENABLE_BITCODE = NO;
				INFOPLIST_FILE = STAKA/Info.plist;
				LD_RUNPATH_SEARCH_PATHS = (
					"$(inherited)",
					"@executable_path/Frameworks",
				);
				MARKETING_VERSION = 1.0.13;
				OTHER_LDFLAGS = (
					"$(inherited)",
					"-ObjC",
					"-lc++",
				);
				PRODUCT_BUNDLE_IDENTIFIER = com.staka;
				PRODUCT_NAME = STAKA;
				SWIFT_OPTIMIZATION_LEVEL = "-Onone";
				SWIFT_VERSION = 5.0;
				VERSIONING_SYSTEM = "apple-generic";
			};
			name = Debug;
		};
		13B07F951A680F5B00A75B9A /* Release */ = {
			isa = XCBuildConfiguration;
			baseConfigurationReference = 9AEBEA17F1C958A41C74DC6C /* Pods-STAKA.release.xcconfig */;
			buildSettings = {
				ALWAYS_EMBED_SWIFT_STANDARD_LIBRARIES = YES;
				ASSETCATALOG_COMPILER_APPICON_NAME = AppIcon;
				CLANG_ENABLE_MODULES = YES;
				CODE_SIGN_ENTITLEMENTS = STAKA/STAKA.entitlements;
				CURRENT_PROJECT_VERSION = 1;
				DEVELOPMENT_TEAM = L963ZX6X5W;
				INFOPLIST_FILE = STAKA/Info.plist;
				LD_RUNPATH_SEARCH_PATHS = (
					"$(inherited)",
					"@executable_path/Frameworks",
				);
				MARKETING_VERSION = 1.0.13;
				OTHER_LDFLAGS = (
					"$(inherited)",
					"-ObjC",
					"-lc++",
				);
				PRODUCT_BUNDLE_IDENTIFIER = com.staka;
				PRODUCT_NAME = STAKA;
				SWIFT_VERSION = 5.0;
				VERSIONING_SYSTEM = "apple-generic";
			};
			name = Release;
		};
		83CBBA201A601CBA00E9B192 /* Debug */ = {
			isa = XCBuildConfiguration;
			buildSettings = {
				ALWAYS_SEARCH_USER_PATHS = NO;
				CLANG_ANALYZER_LOCALIZABILITY_NONLOCALIZED = YES;
				CLANG_CXX_LANGUAGE_STANDARD = "gnu++0x";
				CLANG_CXX_LIBRARY = "libc++";
				CLANG_ENABLE_MODULES = YES;
				CLANG_ENABLE_OBJC_ARC = YES;
				CLANG_WARN_BLOCK_CAPTURE_AUTORELEASING = YES;
				CLANG_WARN_BOOL_CONVERSION = YES;
				CLANG_WARN_COMMA = YES;
				CLANG_WARN_CONSTANT_CONVERSION = YES;
				CLANG_WARN_DEPRECATED_OBJC_IMPLEMENTATIONS = YES;
				CLANG_WARN_DIRECT_OBJC_ISA_USAGE = YES_ERROR;
				CLANG_WARN_EMPTY_BODY = YES;
				CLANG_WARN_ENUM_CONVERSION = YES;
				CLANG_WARN_INFINITE_RECURSION = YES;
				CLANG_WARN_INT_CONVERSION = YES;
				CLANG_WARN_NON_LITERAL_NULL_CONVERSION = YES;
				CLANG_WARN_OBJC_IMPLICIT_RETAIN_SELF = YES;
				CLANG_WARN_OBJC_LITERAL_CONVERSION = YES;
				CLANG_WARN_OBJC_ROOT_CLASS = YES_ERROR;
				CLANG_WARN_QUOTED_INCLUDE_IN_FRAMEWORK_HEADER = YES;
				CLANG_WARN_RANGE_LOOP_ANALYSIS = YES;
				CLANG_WARN_STRICT_PROTOTYPES = YES;
				CLANG_WARN_SUSPICIOUS_MOVE = YES;
				CLANG_WARN_UNREACHABLE_CODE = YES;
				CLANG_WARN__DUPLICATE_METHOD_MATCH = YES;
				"CODE_SIGN_IDENTITY[sdk=iphoneos*]" = "iPhone Developer";
				COPY_PHASE_STRIP = NO;
				ENABLE_STRICT_OBJC_MSGSEND = YES;
				ENABLE_TESTABILITY = YES;
				"EXCLUDED_ARCHS[sdk=iphonesimulator*]" = "arm64 ";
				GCC_C_LANGUAGE_STANDARD = gnu99;
				GCC_DYNAMIC_NO_PIC = NO;
				GCC_NO_COMMON_BLOCKS = YES;
				GCC_OPTIMIZATION_LEVEL = 0;
				GCC_PREPROCESSOR_DEFINITIONS = (
					"DEBUG=1",
					"$(inherited)",
				);
				GCC_SYMBOLS_PRIVATE_EXTERN = NO;
				GCC_WARN_64_TO_32_BIT_CONVERSION = YES;
				GCC_WARN_ABOUT_RETURN_TYPE = YES_ERROR;
				GCC_WARN_UNDECLARED_SELECTOR = YES;
				GCC_WARN_UNINITIALIZED_AUTOS = YES_AGGRESSIVE;
				GCC_WARN_UNUSED_FUNCTION = YES;
				GCC_WARN_UNUSED_VARIABLE = YES;
				IPHONEOS_DEPLOYMENT_TARGET = 10.0;
				LD_RUNPATH_SEARCH_PATHS = (
					/usr/lib/swift,
					"$(inherited)",
				);
				LIBRARY_SEARCH_PATHS = (
					"\"$(TOOLCHAIN_DIR)/usr/lib/swift/$(PLATFORM_NAME)\"",
					"\"$(TOOLCHAIN_DIR)/usr/lib/swift-5.0/$(PLATFORM_NAME)\"",
					"\"$(inherited)\"",
				);
				MTL_ENABLE_DEBUG_INFO = YES;
				ONLY_ACTIVE_ARCH = YES;
				SDKROOT = iphoneos;
			};
			name = Debug;
		};
		83CBBA211A601CBA00E9B192 /* Release */ = {
			isa = XCBuildConfiguration;
			buildSettings = {
				ALWAYS_SEARCH_USER_PATHS = NO;
				CLANG_ANALYZER_LOCALIZABILITY_NONLOCALIZED = YES;
				CLANG_CXX_LANGUAGE_STANDARD = "gnu++0x";
				CLANG_CXX_LIBRARY = "libc++";
				CLANG_ENABLE_MODULES = YES;
				CLANG_ENABLE_OBJC_ARC = YES;
				CLANG_WARN_BLOCK_CAPTURE_AUTORELEASING = YES;
				CLANG_WARN_BOOL_CONVERSION = YES;
				CLANG_WARN_COMMA = YES;
				CLANG_WARN_CONSTANT_CONVERSION = YES;
				CLANG_WARN_DEPRECATED_OBJC_IMPLEMENTATIONS = YES;
				CLANG_WARN_DIRECT_OBJC_ISA_USAGE = YES_ERROR;
				CLANG_WARN_EMPTY_BODY = YES;
				CLANG_WARN_ENUM_CONVERSION = YES;
				CLANG_WARN_INFINITE_RECURSION = YES;
				CLANG_WARN_INT_CONVERSION = YES;
				CLANG_WARN_NON_LITERAL_NULL_CONVERSION = YES;
				CLANG_WARN_OBJC_IMPLICIT_RETAIN_SELF = YES;
				CLANG_WARN_OBJC_LITERAL_CONVERSION = YES;
				CLANG_WARN_OBJC_ROOT_CLASS = YES_ERROR;
				CLANG_WARN_QUOTED_INCLUDE_IN_FRAMEWORK_HEADER = YES;
				CLANG_WARN_RANGE_LOOP_ANALYSIS = YES;
				CLANG_WARN_STRICT_PROTOTYPES = YES;
				CLANG_WARN_SUSPICIOUS_MOVE = YES;
				CLANG_WARN_UNREACHABLE_CODE = YES;
				CLANG_WARN__DUPLICATE_METHOD_MATCH = YES;
				"CODE_SIGN_IDENTITY[sdk=iphoneos*]" = "iPhone Developer";
				COPY_PHASE_STRIP = YES;
				ENABLE_NS_ASSERTIONS = NO;
				ENABLE_STRICT_OBJC_MSGSEND = YES;
				"EXCLUDED_ARCHS[sdk=iphonesimulator*]" = "arm64 ";
				GCC_C_LANGUAGE_STANDARD = gnu99;
				GCC_NO_COMMON_BLOCKS = YES;
				GCC_WARN_64_TO_32_BIT_CONVERSION = YES;
				GCC_WARN_ABOUT_RETURN_TYPE = YES_ERROR;
				GCC_WARN_UNDECLARED_SELECTOR = YES;
				GCC_WARN_UNINITIALIZED_AUTOS = YES_AGGRESSIVE;
				GCC_WARN_UNUSED_FUNCTION = YES;
				GCC_WARN_UNUSED_VARIABLE = YES;
				IPHONEOS_DEPLOYMENT_TARGET = 10.0;
				LD_RUNPATH_SEARCH_PATHS = (
					/usr/lib/swift,
					"$(inherited)",
				);
				LIBRARY_SEARCH_PATHS = (
					"\"$(TOOLCHAIN_DIR)/usr/lib/swift/$(PLATFORM_NAME)\"",
					"\"$(TOOLCHAIN_DIR)/usr/lib/swift-5.0/$(PLATFORM_NAME)\"",
					"\"$(inherited)\"",
				);
				MTL_ENABLE_DEBUG_INFO = NO;
				SDKROOT = iphoneos;
				VALIDATE_PRODUCT = YES;
			};
			name = Release;
		};
/* End XCBuildConfiguration section */

/* Begin XCConfigurationList section */
		00E357021AD99517003FC87E /* Build configuration list for PBXNativeTarget "STAKATests" */ = {
			isa = XCConfigurationList;
			buildConfigurations = (
				00E356F61AD99517003FC87E /* Debug */,
				00E356F71AD99517003FC87E /* Release */,
			);
			defaultConfigurationIsVisible = 0;
			defaultConfigurationName = Release;
		};
		13B07F931A680F5B00A75B9A /* Build configuration list for PBXNativeTarget "STAKA" */ = {
			isa = XCConfigurationList;
			buildConfigurations = (
				13B07F941A680F5B00A75B9A /* Debug */,
				13B07F951A680F5B00A75B9A /* Release */,
			);
			defaultConfigurationIsVisible = 0;
			defaultConfigurationName = Release;
		};
		83CBB9FA1A601CBA00E9B192 /* Build configuration list for PBXProject "STAKA" */ = {
			isa = XCConfigurationList;
			buildConfigurations = (
				83CBBA201A601CBA00E9B192 /* Debug */,
				83CBBA211A601CBA00E9B192 /* Release */,
			);
			defaultConfigurationIsVisible = 0;
			defaultConfigurationName = Release;
		};
/* End XCConfigurationList section */
	};
	rootObject = 83CBB9F71A601CBA00E9B192 /* Project object */;
}
